{
    "_readme": [
        "This file locks the dependencies of your project to a known state",
        "Read more about it at https://getcomposer.org/doc/01-basic-usage.md#installing-dependencies",
        "This file is @generated automatically"
    ],
    "content-hash": "7d9d28720519ed3ef8954f460ec228f7",
    "packages": [
        {
            "name": "jankx/helpers",
            "version": "dev-master",
            "source": {
                "type": "git",
                "url": "https://github.com/jankx/helpers.git",
                "reference": "f4e8d89f51a798c27a9449b7c6463cfe61c871b4"
            },
            "dist": {
                "type": "zip",
                "url": "https://api.github.com/repos/jankx/helpers/zipball/f4e8d89f51a798c27a9449b7c6463cfe61c871b4",
                "reference": "f4e8d89f51a798c27a9449b7c6463cfe61c871b4",
                "shasum": ""
            },
            "type": "library",
            "notification-url": "https://packagist.org/downloads/",
            "license": [
                "MIT"
            ],
            "authors": [
                {
                    "name": "Puleeno Nguyen",
                    "email": "puleeno@gmail.com"
                }
            ],
            "description": "The helpers for Jankx Framework",
            "time": "2020-10-14T06:34:01+00:00"
        },
        {
            "name": "jankx/template",
            "version": "dev-master",
            "source": {
                "type": "git",
                "url": "https://github.com/jankx/template.git",
                "reference": "665d55586d5a89b542237ae80c45ca6c1b61072a"
            },
            "dist": {
                "type": "zip",
                "url": "https://api.github.com/repos/jankx/template/zipball/665d55586d5a89b542237ae80c45ca6c1b61072a",
                "reference": "665d55586d5a89b542237ae80c45ca6c1b61072a",
                "shasum": ""
            },
            "require": {
                "jankx/template-engine": "dev-master"
            },
            "type": "library",
            "autoload": {
                "psr-4": {
                    "Jankx\\Template\\": "src/"
                }
            },
            "notification-url": "https://packagist.org/downloads/",
            "license": [
                "MIT"
            ],
            "authors": [
                {
                    "name": "Puleeno Nguyen",
                    "email": "puleeno@gmail.com"
                }
            ],
            "description": "Jankx Template is used to load the template support override, caching.",
            "time": "2020-10-15T05:56:36+00:00"
        },
        {
            "name": "jankx/template-engine",
            "version": "dev-master",
            "source": {
                "type": "git",
                "url": "https://github.com/jankx/template-engine.git",
                "reference": "33ac45314098b554c8acdab4cb5d74aa1a752210"
            },
            "dist": {
                "type": "zip",
                "url": "https://api.github.com/repos/jankx/template-engine/zipball/33ac45314098b554c8acdab4cb5d74aa1a752210",
                "reference": "33ac45314098b554c8acdab4cb5d74aa1a752210",
                "shasum": ""
            },
            "require": {
                "jankx/helpers": "dev-master"
            },
            "type": "library",
            "autoload": {
                "psr-4": {
                    "Jankx\\Template\\Engine\\": "src/"
                }
            },
            "notification-url": "https://packagist.org/downloads/",
            "license": [
                "MIT"
            ],
            "authors": [
                {
                    "name": "Puleeno Nguyen",
                    "email": "puleeno@gmail.com"
                }
            ],
            "description": "The template engine for Jankx Framework",
            "time": "2020-09-30T08:43:06+00:00"
        },
        {
            "name": "ramphor/embrati",
            "version": "dev-master",
            "source": {
                "type": "git",
                "url": "https://github.com/ramphor/embrati.git",
                "reference": "cd84d2164dcc53927ea7ed5361794ba1e2eea31e"
            },
            "dist": {
                "type": "zip",
                "url": "https://api.github.com/repos/ramphor/embrati/zipball/cd84d2164dcc53927ea7ed5361794ba1e2eea31e",
                "reference": "cd84d2164dcc53927ea7ed5361794ba1e2eea31e",
                "shasum": ""
            },
            "type": "library",
            "autoload": {
                "psr-4": {
                    "Embrati\\": "./src/"
                }
            },
            "notification-url": "https://packagist.org/downloads/",
            "license": [
                "GPL-2.0-only"
            ],
            "authors": [
                {
                    "name": "Ramphor Premium",
                    "email": "puleeno@gmail.com"
                }
            ],
            "description": "Embed rating",
            "time": "2020-10-11T10:43:59+00:00"
        }
    ],
    "packages-dev": [],
    "aliases": [],
    "minimum-stability": "dev",
    "stability-flags": {
        "ramphor/embrati": 20,
        "jankx/template": 20
    },
    "prefer-stable": false,
    "prefer-lowest": false,
    "platform": [],
    "platform-dev": [],
    "plugin-api-version": "1.1.0"
}
