{
    "_readme": [
        "This file locks the dependencies of your project to a known state",
        "Read more about it at https://getcomposer.org/doc/01-basic-usage.md#installing-dependencies",
        "This file is @generated automatically"
    ],
    "content-hash": "8d151e5b69cdc7b8c282720de2033ec2",
    "packages": [
        {
            "name": "jankx/helpers",
            "version": "dev-master",
            "source": {
                "type": "git",
                "url": "https://github.com/jankx/helpers.git",
                "reference": "73b3e35fa78d80a8476d255ba16b0541e7af388b"
            },
            "dist": {
                "type": "zip",
                "url": "https://api.github.com/repos/jankx/helpers/zipball/73b3e35fa78d80a8476d255ba16b0541e7af388b",
                "reference": "73b3e35fa78d80a8476d255ba16b0541e7af388b",
                "shasum": ""
            },
            "default-branch": true,
            "type": "library",
            "autoload": {
                "psr-4": {
                    "Jankx\\Helpers\\": "src/Helpers"
                },
                "files": [
                    "./loader.php"
                ]
            },
            "notification-url": "https://packagist.org/downloads/",
            "license": [
                "MIT"
            ],
            "authors": [
                {
                    "name": "Puleeno Nguyen",
                    "email": "puleeno@gmail.com"
                }
            ],
            "description": "The helpers for Jankx Framework",
            "support": {
                "issues": "https://github.com/jankx/helpers/issues",
                "source": "https://github.com/jankx/helpers/tree/master"
            },
            "time": "2021-07-03T12:55:32+00:00"
        },
        {
            "name": "jankx/plates",
            "version": "v3.x-dev",
            "source": {
                "type": "git",
                "url": "https://github.com/jankx/plates.git",
                "reference": "3732d552284792a596d6d0386dc80ac56e67bde1"
            },
            "dist": {
                "type": "zip",
                "url": "https://api.github.com/repos/jankx/plates/zipball/3732d552284792a596d6d0386dc80ac56e67bde1",
                "reference": "3732d552284792a596d6d0386dc80ac56e67bde1",
                "shasum": ""
            },
            "require": {
                "php": "^7.0|^8.0"
            },
            "require-dev": {
                "mikey179/vfsstream": "^1.6",
                "phpunit/phpunit": "^9.5",
                "squizlabs/php_codesniffer": "^3.5"
            },
            "default-branch": true,
            "type": "library",
            "extra": {
                "branch-alias": {
                    "dev-master": "3.0-dev"
                }
            },
            "autoload": {
                "psr-4": {
                    "League\\Plates\\": "src"
                }
            },
            "notification-url": "https://packagist.org/downloads/",
            "license": [
                "MIT"
            ],
            "authors": [
                {
                    "name": "Jonathan Reinink",
                    "email": "jonathan@reinink.ca",
                    "role": "Developer"
                },
                {
                    "name": "RJ Garcia",
                    "email": "ragboyjr@icloud.com",
                    "role": "Developer"
                }
            ],
            "description": "Plates, the native PHP template system that's fast, easy to use and easy to extend.",
            "homepage": "https://platesphp.com",
            "keywords": [
                "league",
                "package",
                "templates",
                "templating",
                "views"
            ],
            "support": {
                "source": "https://github.com/jankx/plates/tree/v3"
            },
            "time": "2021-05-18T16:17:03+00:00"
        },
        {
            "name": "jankx/template",
            "version": "dev-master",
            "source": {
                "type": "git",
                "url": "https://github.com/jankx/template.git",
                "reference": "92311e28ad0d5f1bb99a37b6b1b2fce6e3433236"
            },
            "dist": {
                "type": "zip",
                "url": "https://api.github.com/repos/jankx/template/zipball/92311e28ad0d5f1bb99a37b6b1b2fce6e3433236",
                "reference": "92311e28ad0d5f1bb99a37b6b1b2fce6e3433236",
                "shasum": ""
            },
            "require": {
                "jankx/template-engine": "*"
            },
            "default-branch": true,
            "type": "library",
            "autoload": {
                "psr-4": {
                    "Jankx\\Template\\": "src/"
                }
            },
            "notification-url": "https://packagist.org/downloads/",
            "license": [
                "MIT"
            ],
            "authors": [
                {
                    "name": "Puleeno Nguyen",
                    "email": "puleeno@gmail.com"
                }
            ],
            "description": "Jankx Template is used to load the template support override, caching.",
            "support": {
                "issues": "https://github.com/jankx/template/issues",
                "source": "https://github.com/jankx/template/tree/master"
            },
            "time": "2021-06-18T18:25:57+00:00"
        },
        {
            "name": "jankx/template-engine",
            "version": "dev-master",
            "source": {
                "type": "git",
                "url": "https://github.com/jankx/template-engine.git",
                "reference": "679eaeb66ea068a9adb43afc2d0e9ad6d03e7817"
            },
            "dist": {
                "type": "zip",
                "url": "https://api.github.com/repos/jankx/template-engine/zipball/679eaeb66ea068a9adb43afc2d0e9ad6d03e7817",
                "reference": "679eaeb66ea068a9adb43afc2d0e9ad6d03e7817",
                "shasum": ""
            },
            "require": {
                "jankx/helpers": "*",
                "jankx/plates": "*",
                "php": "^5.6|^7.3"
            },
            "default-branch": true,
            "type": "library",
            "autoload": {
                "psr-4": {
                    "Jankx\\TemplateEngine\\": "src/"
                }
            },
            "notification-url": "https://packagist.org/downloads/",
            "license": [
                "MIT"
            ],
            "authors": [
                {
                    "name": "Puleeno Nguyen",
                    "email": "puleeno@gmail.com"
                }
            ],
            "description": "The template engine for Jankx Framework",
            "support": {
                "issues": "https://github.com/jankx/template-engine/issues",
                "source": "https://github.com/jankx/template-engine/tree/master"
            },
            "time": "2021-07-12T13:31:22+00:00"
        },
        {
            "name": "jankx/wordpress-specs",
            "version": "dev-master",
            "source": {
                "type": "git",
                "url": "https://github.com/jankx/wordpress-specs.git",
                "reference": "38a3d691de1887cbf602f20fe8da052e67a41b3d"
            },
            "dist": {
                "type": "zip",
                "url": "https://api.github.com/repos/jankx/wordpress-specs/zipball/38a3d691de1887cbf602f20fe8da052e67a41b3d",
                "reference": "38a3d691de1887cbf602f20fe8da052e67a41b3d",
                "shasum": ""
            },
            "default-branch": true,
            "type": "library",
            "autoload": {
                "psr-4": {
                    "Jankx\\Specs\\": "src/"
                }
            },
            "notification-url": "https://packagist.org/downloads/",
            "license": [
                "MIT"
            ],
            "authors": [
                {
                    "name": "Puleeno Nguyen",
                    "email": "puleeno@gmail.com"
                }
            ],
            "description": " Define the WordPress specs to reuse in themes or plugins",
            "support": {
                "issues": "https://github.com/jankx/wordpress-specs/issues",
                "source": "https://github.com/jankx/wordpress-specs/tree/master"
            },
            "time": "2021-03-20T04:12:11+00:00"
        },
        {
            "name": "ramphor/embrati",
            "version": "0.5.0",
            "source": {
                "type": "git",
                "url": "https://github.com/ramphor/embrati.git",
                "reference": "bdb94fce158d15c3152740f4e2a2356ffbb37ee8"
            },
            "dist": {
                "type": "zip",
                "url": "https://api.github.com/repos/ramphor/embrati/zipball/bdb94fce158d15c3152740f4e2a2356ffbb37ee8",
                "reference": "bdb94fce158d15c3152740f4e2a2356ffbb37ee8",
                "shasum": ""
            },
            "type": "library",
            "autoload": {
                "psr-4": {
                    "Embrati\\": "./src/"
                }
            },
            "notification-url": "https://packagist.org/downloads/",
            "license": [
                "GPL-2.0-only"
            ],
            "authors": [
                {
                    "name": "Ramphor Premium",
                    "email": "puleeno@gmail.com"
                }
            ],
            "description": "Embed rating",
            "support": {
                "issues": "https://github.com/ramphor/embrati/issues",
                "source": "https://github.com/ramphor/embrati/tree/0.5.0"
            },
            "time": "2021-03-27T04:22:56+00:00"
        }
    ],
    "packages-dev": [],
    "aliases": [],
    "minimum-stability": "dev",
    "stability-flags": {
        "jankx/wordpress-specs": 20
    },
    "prefer-stable": false,
    "prefer-lowest": false,
    "platform": [],
    "platform-dev": [],
    "plugin-api-version": "2.0.0"
}
