{
    "_readme": [
        "This file locks the dependencies of your project to a known state",
        "Read more about it at https://getcomposer.org/doc/01-basic-usage.md#installing-dependencies",
        "This file is @generated automatically"
    ],
    "content-hash": "7d9d28720519ed3ef8954f460ec228f7",
    "packages": [
        {
            "name": "jankx/helpers",
            "version": "dev-master",
            "source": {
                "type": "git",
                "url": "https://github.com/jankx/helpers.git",
                "reference": "3ca5aa983562c1a24a46c9b4d9c65477a045af7b"
            },
            "dist": {
                "type": "zip",
                "url": "https://api.github.com/repos/jankx/helpers/zipball/3ca5aa983562c1a24a46c9b4d9c65477a045af7b",
                "reference": "3ca5aa983562c1a24a46c9b4d9c65477a045af7b",
                "shasum": ""
            },
            "type": "library",
            "notification-url": "https://packagist.org/downloads/",
            "license": [
                "MIT"
            ],
            "authors": [
                {
                    "name": "Puleeno Nguyen",
                    "email": "puleeno@gmail.com"
                }
            ],
            "description": "The helpers for Jankx Framework",
            "time": "2020-10-20T19:53:48+00:00"
        },
        {
            "name": "jankx/template",
            "version": "dev-master",
            "source": {
                "type": "git",
                "url": "https://github.com/jankx/template.git",
                "reference": "197f51c8893c8340d1e9e20aaa44fe7d2f626c88"
            },
            "dist": {
                "type": "zip",
                "url": "https://api.github.com/repos/jankx/template/zipball/197f51c8893c8340d1e9e20aaa44fe7d2f626c88",
                "reference": "197f51c8893c8340d1e9e20aaa44fe7d2f626c88",
                "shasum": ""
            },
            "require": {
                "jankx/template-engine": "dev-master"
            },
            "type": "library",
            "autoload": {
                "psr-4": {
                    "Jankx\\Template\\": "src/"
                }
            },
            "notification-url": "https://packagist.org/downloads/",
            "license": [
                "MIT"
            ],
            "authors": [
                {
                    "name": "Puleeno Nguyen",
                    "email": "puleeno@gmail.com"
                }
            ],
            "description": "Jankx Template is used to load the template support override, caching.",
            "time": "2020-11-06T02:09:02+00:00"
        },
        {
            "name": "jankx/template-engine",
            "version": "dev-master",
            "source": {
                "type": "git",
                "url": "https://github.com/jankx/template-engine.git",
                "reference": "33ac45314098b554c8acdab4cb5d74aa1a752210"
            },
            "dist": {
                "type": "zip",
                "url": "https://api.github.com/repos/jankx/template-engine/zipball/33ac45314098b554c8acdab4cb5d74aa1a752210",
                "reference": "33ac45314098b554c8acdab4cb5d74aa1a752210",
                "shasum": ""
            },
            "require": {
                "jankx/helpers": "dev-master"
            },
            "type": "library",
            "autoload": {
                "psr-4": {
                    "Jankx\\Template\\Engine\\": "src/"
                }
            },
            "notification-url": "https://packagist.org/downloads/",
            "license": [
                "MIT"
            ],
            "authors": [
                {
                    "name": "Puleeno Nguyen",
                    "email": "puleeno@gmail.com"
                }
            ],
            "description": "The template engine for Jankx Framework",
            "time": "2020-09-30T08:43:06+00:00"
        },
        {
            "name": "ramphor/embrati",
            "version": "dev-master",
            "source": {
                "type": "git",
                "url": "https://github.com/ramphor/embrati.git",
                "reference": "6300ecd7f4b793223e8069d9628b6ef7487d5557"
            },
            "dist": {
                "type": "zip",
                "url": "https://api.github.com/repos/ramphor/embrati/zipball/6300ecd7f4b793223e8069d9628b6ef7487d5557",
                "reference": "6300ecd7f4b793223e8069d9628b6ef7487d5557",
                "shasum": ""
            },
            "type": "library",
            "autoload": {
                "psr-4": {
                    "Embrati\\": "./src/"
                }
            },
            "notification-url": "https://packagist.org/downloads/",
            "license": [
                "GPL-2.0-only"
            ],
            "authors": [
                {
                    "name": "Ramphor Premium",
                    "email": "puleeno@gmail.com"
                }
            ],
            "description": "Embed rating",
            "time": "2020-11-21T12:42:56+00:00"
        }
    ],
    "packages-dev": [],
    "aliases": [],
    "minimum-stability": "dev",
    "stability-flags": {
        "ramphor/embrati": 20,
        "jankx/template": 20
    },
    "prefer-stable": false,
    "prefer-lowest": false,
    "platform": [],
    "platform-dev": [],
    "plugin-api-version": "1.1.0"
}
